
Microsoft Visual Studio Solution File, Format Version 12.00
# Visual Studio Version 17
VisualStudioVersion = 17.14.36518.9 d17.14
MinimumVisualStudioVersion = 10.0.40219.1
Project("{FAE04EC0-301F-11D3-BF4B-00C04F79EFBC}") = "Chess_Project", "Chess_Project.csproj", "{AA195AB9-1EC7-4332-83E9-0CABD39CD21C}"
EndProject
Global
	GlobalSection(SolutionConfigurationPlatforms) = preSolution
		Debug|Any CPU = Debug|Any CPU
		Release|Any CPU = Release|Any CPU
	EndGlobalSection
	GlobalSection(ProjectConfigurationPlatforms) = postSolution
		{AA195AB9-1EC7-4332-83E9-0CABD39CD21C}.Debug|Any CPU.ActiveCfg = Debug|Any CPU
		{AA195AB9-1EC7-4332-83E9-0CABD39CD21C}.Debug|Any CPU.Build.0 = Debug|Any CPU
		{AA195AB9-1EC7-4332-83E9-0CABD39CD21C}.Release|Any CPU.ActiveCfg = Release|Any CPU
		{AA195AB9-1EC7-4332-83E9-0CABD39CD21C}.Release|Any CPU.Build.0 = Release|Any CPU
	EndGlobalSection
	GlobalSection(SolutionProperties) = preSolution
		HideSolutionNode = FALSE
	EndGlobalSection
	GlobalSection(ExtensibilityGlobals) = postSolution
		SolutionGuid = {F9E3E2D1-2B9E-42DA-BEF9-D81A58BC68E1}
	EndGlobalSection
EndGlobal
